<?xml version="1.0" encoding="utf-8"?>
<Project ToolsVersion="4.0" xmlns="http://schemas.microsoft.com/developer/msbuild/2003">
  <ItemGroup>
    <CudaCompile Include="src\kernels.cu" />
  </ItemGroup>
  <ItemGroup>
    <ClCompile Include="src\selftest.cpp" />
    <ClCompile Include="dds-develop\examples\hands.cu">
      <Filter>dds</Filter>
    </ClCompile>
    <ClCompile Include="dds-develop\src\Memory.cu">
      <Filter>dds</Filter>
    </ClCompile>
    <ClCompile Include="src\entry_cpu.cpp" />
    <ClCompile Include="dds-develop\src\TransTableL.cu">
      <Filter>dds</Filter>
    </ClCompile>
    <ClCompile Include="dds-develop\src\Moves.cu">
      <Filter>dds</Filter>
    </ClCompile>
    <ClCompile Include="dds-develop\src\Scheduler.cu">
      <Filter>dds</Filter>
    </ClCompile>
    <ClCompile Include="dds-develop\src\ThreadMgr.cu">
      <Filter>dds</Filter>
    </ClCompile>
    <ClCompile Include="dds-develop\src\ABsearch.cu">
      <Filter>dds</Filter>
    </ClCompile>
    <ClCompile Include="dds-develop\src\QuickTricks.cu">
      <Filter>dds</Filter>
    </ClCompile>
    <ClCompile Include="dds-develop\src\LaterTricks.cu">
      <Filter>dds</Filter>
    </ClCompile>
    <ClCompile Include="dds-develop\src\ABstats.cu">
      <Filter>dds</Filter>
    </ClCompile>
    <ClCompile Include="dds-develop\src\TimerList.cu">
      <Filter>dds</Filter>
    </ClCompile>
    <ClCompile Include="dds-develop\src\SolverIF.cu">
      <Filter>dds</Filter>
    </ClCompile>
    <ClCompile Include="dds-develop\src\Init.cu">
      <Filter>dds</Filter>
    </ClCompile>
  </ItemGroup>
  <ItemGroup>
    <Filter Include="dds">
      <UniqueIdentifier>{209f9279-d35c-4fd4-a984-490f521e4f38}</UniqueIdentifier>
    </Filter>
    <Filter Include="dds\headers">
      <UniqueIdentifier>{4b5dcc44-fae9-41b8-b7dc-a022151f09e8}</UniqueIdentifier>
    </Filter>
  </ItemGroup>
  <ItemGroup>
    <ClInclude Include="dds-develop\src\ABsearch.h">
      <Filter>dds\headers</Filter>
    </ClInclude>
    <ClInclude Include="dds-develop\src\ABstats.h">
      <Filter>dds\headers</Filter>
    </ClInclude>
    <ClInclude Include="dds-develop\src\dds.h">
      <Filter>dds\headers</Filter>
    </ClInclude>
    <ClInclude Include="dds-develop\include\dll.h">
      <Filter>dds\headers</Filter>
    </ClInclude>
    <ClInclude Include="dds-develop\examples\hands.h">
      <Filter>dds\headers</Filter>
    </ClInclude>
    <ClInclude Include="dds-develop\src\Init.h">
      <Filter>dds\headers</Filter>
    </ClInclude>
    <ClInclude Include="dds-develop\src\LaterTricks.h">
      <Filter>dds\headers</Filter>
    </ClInclude>
    <ClInclude Include="dds-develop\src\Memory.h">
      <Filter>dds\headers</Filter>
    </ClInclude>
    <ClInclude Include="dds-develop\src\Moves.h">
      <Filter>dds\headers</Filter>
    </ClInclude>
    <ClInclude Include="dds-develop\include\portab.h">
      <Filter>dds\headers</Filter>
    </ClInclude>
    <ClInclude Include="dds-develop\src\QuickTricks.h">
      <Filter>dds\headers</Filter>
    </ClInclude>
    <ClInclude Include="dds-develop\src\Scheduler.h">
      <Filter>dds\headers</Filter>
    </ClInclude>
    <ClInclude Include="dds-develop\src\System.h">
      <Filter>dds\headers</Filter>
    </ClInclude>
    <ClInclude Include="dds-develop\src\SolverIF.h">
      <Filter>dds\headers</Filter>
    </ClInclude>
    <ClInclude Include="dds-develop\src\TimerGroup.h">
      <Filter>dds\headers</Filter>
    </ClInclude>
    <ClInclude Include="dds-develop\src\ThreadMgr.h">
      <Filter>dds\headers</Filter>
    </ClInclude>
    <ClInclude Include="dds-develop\src\TimerList.h">
      <Filter>dds\headers</Filter>
    </ClInclude>
    <ClInclude Include="dds-develop\src\TransTable.h">
      <Filter>dds\headers</Filter>
    </ClInclude>
    <ClInclude Include="dds-develop\src\TransTableL.h">
      <Filter>dds\headers</Filter>
    </ClInclude>
  </ItemGroup>
</Project>