<?xml version="1.0" encoding="utf-8"?>
<Project ToolsVersion="4.0" xmlns="http://schemas.microsoft.com/developer/msbuild/2003">
  <ItemGroup>
    <CudaCompile Include="src\kernels.cu" />
  </ItemGroup>
  <ItemGroup>
    <ClCompile Include="src\selftest.cpp" />
    <ClCompile Include="dds-develop\examples\hands.cpp">
      <Filter>dds</Filter>
    </ClCompile>
    <ClCompile Include="dds-develop\src\Memory.cpp">
      <Filter>dds</Filter>
    </ClCompile>
    <ClCompile Include="src\entry_cpu.cpp" />
    <ClCompile Include="dds-develop\src\TransTableL.cpp">
      <Filter>dds</Filter>
    </ClCompile>
    <ClCompile Include="dds-develop\src\Moves.cpp">
      <Filter>dds</Filter>
    </ClCompile>
    <ClCompile Include="dds-develop\src\Scheduler.cpp">
      <Filter>dds</Filter>
    </ClCompile>
    <ClCompile Include="dds-develop\src\ThreadMgr.cpp">
      <Filter>dds</Filter>
    </ClCompile>
    <ClCompile Include="dds-develop\src\ABsearch.cpp">
      <Filter>dds</Filter>
    </ClCompile>
    <ClCompile Include="dds-develop\src\QuickTricks.cpp">
      <Filter>dds</Filter>
    </ClCompile>
    <ClCompile Include="dds-develop\src\LaterTricks.cpp">
      <Filter>dds</Filter>
    </ClCompile>
    <ClCompile Include="dds-develop\src\ABstats.cpp">
      <Filter>dds</Filter>
    </ClCompile>
    <ClCompile Include="dds-develop\src\TimerList.cpp">
      <Filter>dds</Filter>
    </ClCompile>
    <ClCompile Include="dds-develop\src\SolverIF.cpp">
      <Filter>dds</Filter>
    </ClCompile>
    <ClCompile Include="dds-develop\src\Init.cpp">
      <Filter>dds</Filter>
    </ClCompile>
  </ItemGroup>
  <ItemGroup>
    <Filter Include="dds">
      <UniqueIdentifier>{209f9279-d35c-4fd4-a984-490f521e4f38}</UniqueIdentifier>
    </Filter>
  </ItemGroup>
  <ItemGroup>
    <ClInclude Include="dds-develop\include\dll.h">
      <Filter>dds</Filter>
    </ClInclude>
    <ClInclude Include="dds-develop\examples\hands.h">
      <Filter>dds</Filter>
    </ClInclude>
    <ClInclude Include="dds-develop\src\Memory.h">
      <Filter>dds</Filter>
    </ClInclude>
    <ClInclude Include="dds-develop\src\TransTable.h">
      <Filter>dds</Filter>
    </ClInclude>
    <ClInclude Include="dds-develop\src\TransTableL.h">
      <Filter>dds</Filter>
    </ClInclude>
    <ClInclude Include="dds-develop\src\dds.h">
      <Filter>dds</Filter>
    </ClInclude>
    <ClInclude Include="dds-develop\src\Moves.h">
      <Filter>dds</Filter>
    </ClInclude>
    <ClInclude Include="dds-develop\src\Scheduler.h">
      <Filter>dds</Filter>
    </ClInclude>
    <ClInclude Include="dds-develop\src\System.h">
      <Filter>dds</Filter>
    </ClInclude>
    <ClInclude Include="dds-develop\src\ThreadMgr.h">
      <Filter>dds</Filter>
    </ClInclude>
    <ClInclude Include="dds-develop\src\ABsearch.h">
      <Filter>dds</Filter>
    </ClInclude>
    <ClInclude Include="dds-develop\src\QuickTricks.h">
      <Filter>dds</Filter>
    </ClInclude>
    <ClInclude Include="dds-develop\src\LaterTricks.h">
      <Filter>dds</Filter>
    </ClInclude>
    <ClInclude Include="dds-develop\src\ABstats.h">
      <Filter>dds</Filter>
    </ClInclude>
    <ClInclude Include="dds-develop\src\TimerList.h">
      <Filter>dds</Filter>
    </ClInclude>
    <ClInclude Include="dds-develop\src\TimerGroup.h">
      <Filter>dds</Filter>
    </ClInclude>
    <ClInclude Include="dds-develop\src\SolverIF.h">
      <Filter>dds</Filter>
    </ClInclude>
    <ClInclude Include="dds-develop\src\Init.h">
      <Filter>dds</Filter>
    </ClInclude>
  </ItemGroup>
</Project>